
Microsoft Visual Studio Solution File, Format Version 12.00
# Visual Studio Version 17
VisualStudioVersion = 17.7.34221.43
MinimumVisualStudioVersion = 10.0.40219.1
Project("{9A19103F-16F7-4668-BE54-9A1E7A4F7556}") = "LabWebApp", "LabWebApp\LabWebApp.csproj", "{7C9E8AA3-C981-460F-B297-901A3B6CE91D}"
EndProject
Project("{FAE04EC0-301F-11D3-BF4B-00C04F79EFBC}") = "LabWebApp.Tests", "LabWebApp.Tests\LabWebApp.Tests.csproj", "{7E13F9B8-5FE7-4F90-9ADD-64B622CBA3BB}"
EndProject
Global
	GlobalSection(SolutionConfigurationPlatforms) = preSolution
		Debug|Any CPU = Debug|Any CPU
		Release|Any CPU = Release|Any CPU
	EndGlobalSection
	GlobalSection(ProjectConfigurationPlatforms) = postSolution
		{7C9E8AA3-C981-460F-B297-901A3B6CE91D}.Debug|Any CPU.ActiveCfg = Debug|Any CPU
		{7C9E8AA3-C981-460F-B297-901A3B6CE91D}.Debug|Any CPU.Build.0 = Debug|Any CPU
		{7C9E8AA3-C981-460F-B297-901A3B6CE91D}.Release|Any CPU.ActiveCfg = Release|Any CPU
		{7C9E8AA3-C981-460F-B297-901A3B6CE91D}.Release|Any CPU.Build.0 = Release|Any CPU
		{7E13F9B8-5FE7-4F90-9ADD-64B622CBA3BB}.Debug|Any CPU.ActiveCfg = Debug|Any CPU
		{7E13F9B8-5FE7-4F90-9ADD-64B622CBA3BB}.Debug|Any CPU.Build.0 = Debug|Any CPU
		{7E13F9B8-5FE7-4F90-9ADD-64B622CBA3BB}.Release|Any CPU.ActiveCfg = Release|Any CPU
		{7E13F9B8-5FE7-4F90-9ADD-64B622CBA3BB}.Release|Any CPU.Build.0 = Release|Any CPU
	EndGlobalSection
	GlobalSection(SolutionProperties) = preSolution
		HideSolutionNode = FALSE
	EndGlobalSection
	GlobalSection(ExtensibilityGlobals) = postSolution
		SolutionGuid = {0BF03CCE-DD77-4CC4-9F3C-759D8FF5978D}
	EndGlobalSection
EndGlobal
